
Microsoft Visual Studio Solution File, Format Version 12.00
# Visual Studio Version 17
VisualStudioVersion = 17.4.33103.184
MinimumVisualStudioVersion = 10.0.40219.1
Project("{9A19103F-16F7-4668-BE54-9A1E7A4F7556}") = "CrossCutting", "CrossCutting\CrossCutting.csproj", "{3A0D6D7A-3825-41EC-9FB1-EEFC63B15031}"
EndProject
Project("{9A19103F-16F7-4668-BE54-9A1E7A4F7556}") = "Serverless-Api", "Serverless-Api\Serverless-Api.csproj", "{9878FFAA-7016-4947-B804-FBBC96927843}"
EndProject
Project("{9A19103F-16F7-4668-BE54-9A1E7A4F7556}") = "Domain", "Domain\Domain.csproj", "{1088DA4E-CA40-4415-BF2A-227262D5C469}"
EndProject
Project("{FAE04EC0-301F-11D3-BF4B-00C04F79EFBC}") = "Application", "Application\Application.csproj", "{FA419341-752A-4BBC-BAC5-C3F79EAD94AA}"
EndProject
Global
	GlobalSection(SolutionConfigurationPlatforms) = preSolution
		Debug|Any CPU = Debug|Any CPU
		Release|Any CPU = Release|Any CPU
	EndGlobalSection
	GlobalSection(ProjectConfigurationPlatforms) = postSolution
		{3A0D6D7A-3825-41EC-9FB1-EEFC63B15031}.Debug|Any CPU.ActiveCfg = Debug|Any CPU
		{3A0D6D7A-3825-41EC-9FB1-EEFC63B15031}.Debug|Any CPU.Build.0 = Debug|Any CPU
		{3A0D6D7A-3825-41EC-9FB1-EEFC63B15031}.Release|Any CPU.ActiveCfg = Release|Any CPU
		{3A0D6D7A-3825-41EC-9FB1-EEFC63B15031}.Release|Any CPU.Build.0 = Release|Any CPU
		{9878FFAA-7016-4947-B804-FBBC96927843}.Debug|Any CPU.ActiveCfg = Debug|Any CPU
		{9878FFAA-7016-4947-B804-FBBC96927843}.Debug|Any CPU.Build.0 = Debug|Any CPU
		{9878FFAA-7016-4947-B804-FBBC96927843}.Release|Any CPU.ActiveCfg = Release|Any CPU
		{9878FFAA-7016-4947-B804-FBBC96927843}.Release|Any CPU.Build.0 = Release|Any CPU
		{1088DA4E-CA40-4415-BF2A-227262D5C469}.Debug|Any CPU.ActiveCfg = Debug|Any CPU
		{1088DA4E-CA40-4415-BF2A-227262D5C469}.Debug|Any CPU.Build.0 = Debug|Any CPU
		{1088DA4E-CA40-4415-BF2A-227262D5C469}.Release|Any CPU.ActiveCfg = Release|Any CPU
		{1088DA4E-CA40-4415-BF2A-227262D5C469}.Release|Any CPU.Build.0 = Release|Any CPU
		{FA419341-752A-4BBC-BAC5-C3F79EAD94AA}.Debug|Any CPU.ActiveCfg = Debug|Any CPU
		{FA419341-752A-4BBC-BAC5-C3F79EAD94AA}.Debug|Any CPU.Build.0 = Debug|Any CPU
		{FA419341-752A-4BBC-BAC5-C3F79EAD94AA}.Release|Any CPU.ActiveCfg = Release|Any CPU
		{FA419341-752A-4BBC-BAC5-C3F79EAD94AA}.Release|Any CPU.Build.0 = Release|Any CPU
	EndGlobalSection
	GlobalSection(SolutionProperties) = preSolution
		HideSolutionNode = FALSE
	EndGlobalSection
	GlobalSection(ExtensibilityGlobals) = postSolution
		SolutionGuid = {7F9E36E5-5533-45D4-815E-DFB3DF40EB3F}
	EndGlobalSection
EndGlobal
